<?xml version="1.0" encoding="utf-8"?>
<Project ToolsVersion="4.0" xmlns="http://schemas.microsoft.com/developer/msbuild/2003">
  <ItemGroup>
    <Filter Include="Source Files">
      <UniqueIdentifier>{4FC737F1-C7A5-4376-A066-2A32D752A2FF}</UniqueIdentifier>
      <Extensions>cpp;c;cc;cxx;def;odl;idl;hpj;bat;asm;asmx</Extensions>
    </Filter>
    <Filter Include="Header Files">
      <UniqueIdentifier>{93995380-89BD-4b04-88EB-625FBE52EBFB}</UniqueIdentifier>
      <Extensions>h;hh;hpp;hxx;hm;inl;inc;xsd</Extensions>
    </Filter>
    <Filter Include="Resource Files">
      <UniqueIdentifier>{67DA6AB6-F800-4c08-8B7A-83BB121AAD01}</UniqueIdentifier>
      <Extensions>rc;ico;cur;bmp;dlg;rc2;rct;bin;rgs;gif;jpg;jpeg;jpe;resx;tiff;tif;png;wav</Extensions>
    </Filter>
  </ItemGroup>
  <ItemGroup>
    <ClCompile Include="projectroot\src\main.cpp">
      <Filter>Source Files</Filter>
    </ClCompile>
    <ClCompile Include="projectroot\src\controllers\MakeAppointmentController.cpp">
      <Filter>Source Files</Filter>
    </ClCompile>
    <ClCompile Include="projectroot\src\controllers\ReadAppointmentController.cpp">
      <Filter>Source Files</Filter>
    </ClCompile>
    <ClCompile Include="projectroot\src\controllers\ReadInsuranceController.cpp">
      <Filter>Source Files</Filter>
    </ClCompile>
    <ClCompile Include="projectroot\src\controllers\ReadMedicationsController.cpp">
      <Filter>Source Files</Filter>
    </ClCompile>
    <ClCompile Include="projectroot\src\controllers\UserLoginController.cpp">
      <Filter>Source Files</Filter>
    </ClCompile>
    <ClCompile Include="projectroot\src\models\Appointment.cpp">
      <Filter>Source Files</Filter>
    </ClCompile>
    <ClCompile Include="projectroot\src\models\Caregiver.cpp">
      <Filter>Source Files</Filter>
    </ClCompile>
    <ClCompile Include="projectroot\src\models\Claim.cpp">
      <Filter>Source Files</Filter>
    </ClCompile>
    <ClCompile Include="projectroot\src\models\Doctor.cpp">
      <Filter>Source Files</Filter>
    </ClCompile>
    <ClCompile Include="projectroot\src\models\Insurance.cpp">
      <Filter>Source Files</Filter>
    </ClCompile>
    <ClCompile Include="projectroot\src\models\Medication.cpp">
      <Filter>Source Files</Filter>
    </ClCompile>
    <ClCompile Include="projectroot\src\models\User.cpp">
      <Filter>Source Files</Filter>
    </ClCompile>
    <ClCompile Include="projectroot\src\models\UserMedication.cpp">
      <Filter>Source Files</Filter>
    </ClCompile>
    <ClCompile Include="projectroot\src\utils\Dummy.cpp">
      <Filter>Source Files</Filter>
    </ClCompile>
    <ClCompile Include="projectroot\src\views\AppointmentView.cpp">
      <Filter>Source Files</Filter>
    </ClCompile>
    <ClCompile Include="projectroot\src\views\ClaimView.cpp">
      <Filter>Source Files</Filter>
    </ClCompile>
    <ClCompile Include="projectroot\src\views\HomeView.cpp">
      <Filter>Source Files</Filter>
    </ClCompile>
    <ClCompile Include="projectroot\src\views\InsuranceView.cpp">
      <Filter>Source Files</Filter>
    </ClCompile>
    <ClCompile Include="projectroot\src\views\LoginView.cpp">
      <Filter>Source Files</Filter>
    </ClCompile>
    <ClCompile Include="projectroot\src\views\MedicationsView.cpp">
      <Filter>Source Files</Filter>
    </ClCompile>
  </ItemGroup>
  <ItemGroup>
    <ClInclude Include="projectroot\include\controllers\MakeAppointmentController.h">
      <Filter>Header Files</Filter>
    </ClInclude>
    <ClInclude Include="projectroot\include\controllers\ReadAppointmentController.h">
      <Filter>Header Files</Filter>
    </ClInclude>
    <ClInclude Include="projectroot\include\controllers\ReadInsuranceController.h">
      <Filter>Header Files</Filter>
    </ClInclude>
    <ClInclude Include="projectroot\include\controllers\ReadMedicationsController.h">
      <Filter>Header Files</Filter>
    </ClInclude>
    <ClInclude Include="projectroot\include\controllers\UserLoginController.h">
      <Filter>Header Files</Filter>
    </ClInclude>
    <ClInclude Include="projectroot\include\controllers\MakeAppointmentController.hpp">
      <Filter>Header Files</Filter>
    </ClInclude>
    <ClInclude Include="projectroot\include\controllers\ReadAppointmentController.hpp">
      <Filter>Header Files</Filter>
    </ClInclude>
    <ClInclude Include="projectroot\include\controllers\ReadInsuranceController.hpp">
      <Filter>Header Files</Filter>
    </ClInclude>
    <ClInclude Include="projectroot\include\controllers\ReadMedicationsController.hpp">
      <Filter>Header Files</Filter>
    </ClInclude>
    <ClInclude Include="projectroot\include\controllers\UserLoginController.hpp">
      <Filter>Header Files</Filter>
    </ClInclude>
    <ClInclude Include="projectroot\include\models\Appointment.hpp">
      <Filter>Header Files</Filter>
    </ClInclude>
    <ClInclude Include="projectroot\include\models\Caregiver.hpp">
      <Filter>Header Files</Filter>
    </ClInclude>
    <ClInclude Include="projectroot\include\models\Claim.hpp">
      <Filter>Header Files</Filter>
    </ClInclude>
    <ClInclude Include="projectroot\include\models\Doctor.hpp">
      <Filter>Header Files</Filter>
    </ClInclude>
    <ClInclude Include="projectroot\include\models\Insurance.hpp">
      <Filter>Header Files</Filter>
    </ClInclude>
    <ClInclude Include="projectroot\include\models\Medication.hpp">
      <Filter>Header Files</Filter>
    </ClInclude>
    <ClInclude Include="projectroot\include\models\User.hpp">
      <Filter>Header Files</Filter>
    </ClInclude>
    <ClInclude Include="projectroot\include\models\UserMedication.hpp">
      <Filter>Header Files</Filter>
    </ClInclude>
    <ClInclude Include="projectroot\include\views\AppointmentsView.hpp">
      <Filter>Header Files</Filter>
    </ClInclude>
    <ClInclude Include="projectroot\include\views\ClaimView.hpp">
      <Filter>Header Files</Filter>
    </ClInclude>
    <ClInclude Include="projectroot\include\views\HomeView.hpp">
      <Filter>Header Files</Filter>
    </ClInclude>
    <ClInclude Include="projectroot\include\views\InsuranceView.hpp">
      <Filter>Header Files</Filter>
    </ClInclude>
    <ClInclude Include="projectroot\include\views\LoginView.hpp">
      <Filter>Header Files</Filter>
    </ClInclude>
    <ClInclude Include="projectroot\include\views\MedicationsView.hpp">
      <Filter>Header Files</Filter>
    </ClInclude>
  </ItemGroup>
</Project>